
Microsoft Visual Studio Solution File, Format Version 12.00
# Visual Studio 15
VisualStudioVersion = 15.0.28307.1525
MinimumVisualStudioVersion = 10.0.40219.1
Project("{9A19103F-16F7-4668-BE54-9A1E7A4F7556}") = "ConsoleApp1", "ConsoleApp1\ConsoleApp1.csproj", "{ED60F7E6-C6FA-41BE-ADAF-F1822E4D0502}"
EndProject
Project("{9A19103F-16F7-4668-BE54-9A1E7A4F7556}") = "ClassLibrary1", "..\ClassLibrary1\ClassLibrary1\ClassLibrary1.csproj", "{A7F8A9A9-35F2-4984-9215-D83CA4989CA0}"
EndProject
Global
	GlobalSection(SolutionConfigurationPlatforms) = preSolution
		Debug|Any CPU = Debug|Any CPU
		Release|Any CPU = Release|Any CPU
	EndGlobalSection
	GlobalSection(ProjectConfigurationPlatforms) = postSolution
		{ED60F7E6-C6FA-41BE-ADAF-F1822E4D0502}.Debug|Any CPU.ActiveCfg = Debug|Any CPU
		{ED60F7E6-C6FA-41BE-ADAF-F1822E4D0502}.Debug|Any CPU.Build.0 = Debug|Any CPU
		{ED60F7E6-C6FA-41BE-ADAF-F1822E4D0502}.Release|Any CPU.ActiveCfg = Release|Any CPU
		{ED60F7E6-C6FA-41BE-ADAF-F1822E4D0502}.Release|Any CPU.Build.0 = Release|Any CPU
		{A7F8A9A9-35F2-4984-9215-D83CA4989CA0}.Debug|Any CPU.ActiveCfg = Debug|Any CPU
		{A7F8A9A9-35F2-4984-9215-D83CA4989CA0}.Debug|Any CPU.Build.0 = Debug|Any CPU
		{A7F8A9A9-35F2-4984-9215-D83CA4989CA0}.Release|Any CPU.ActiveCfg = Release|Any CPU
		{A7F8A9A9-35F2-4984-9215-D83CA4989CA0}.Release|Any CPU.Build.0 = Release|Any CPU
	EndGlobalSection
	GlobalSection(SolutionProperties) = preSolution
		HideSolutionNode = FALSE
	EndGlobalSection
	GlobalSection(ExtensibilityGlobals) = postSolution
		SolutionGuid = {B1EF42E7-ADB3-45DD-BE3D-4A332F076452}
	EndGlobalSection
EndGlobal
